
Microsoft Visual Studio Solution File, Format Version 12.00
# Visual Studio 15
VisualStudioVersion = 15.0.26124.0
MinimumVisualStudioVersion = 15.0.26124.0
Project("{2150E333-8FDC-42A3-9474-1A3956D46DE8}") = "Source", "Source", "{946A5ECC-1606-4A8D-971C-E1FFA67EB784}"
EndProject
Project("{FAE04EC0-301F-11D3-BF4B-00C04F79EFBC}") = "ProductsActivity.Api", "Source\ProductsActivity.Api\ProductsActivity.Api.csproj", "{5EF391FF-AEC9-4FD9-A195-CD6A53BEFC64}"
EndProject
Project("{FAE04EC0-301F-11D3-BF4B-00C04F79EFBC}") = "ProductsActivity.Bll", "Source\ProductsActivity.Bll\ProductsActivity.Bll.csproj", "{A31A910C-66B4-46D0-800D-6EF2B637B15B}"
EndProject
Project("{FAE04EC0-301F-11D3-BF4B-00C04F79EFBC}") = "ProductsActivity.Common", "Source\ProductsActivity.Common\ProductsActivity.Common.csproj", "{6E62D95A-7A8E-4191-94CB-804965A64090}"
EndProject
Project("{FAE04EC0-301F-11D3-BF4B-00C04F79EFBC}") = "ProductsActivity.Dal", "Source\ProductsActivity.Dal\ProductsActivity.Dal.csproj", "{096B1F02-C849-4A9A-9793-4551E0F41C3E}"
EndProject
Project("{2150E333-8FDC-42A3-9474-1A3956D46DE8}") = "Test", "Test", "{922AA538-99A6-4A53-BB87-3E3751377AA8}"
EndProject
Project("{FAE04EC0-301F-11D3-BF4B-00C04F79EFBC}") = "ProductsActivity.Api.Test", "Test\ProductsActivity.Api.Test\ProductsActivity.Api.Test.csproj", "{DCB0363D-E096-437B-83F5-298DF07C5891}"
EndProject
Project("{FAE04EC0-301F-11D3-BF4B-00C04F79EFBC}") = "ProductsActivity.Bll.Test", "Test\ProductsActivity.Bll.Test\ProductsActivity.Bll.Test.csproj", "{AD54608D-0917-4022-9B94-161501CB73D3}"
EndProject
Project("{FAE04EC0-301F-11D3-BF4B-00C04F79EFBC}") = "ProductsActivity.Common.Test", "Test\ProductsActivity.Common.Test\ProductsActivity.Common.Test.csproj", "{87658D99-520E-4A0E-A32C-1BD5D5E35671}"
EndProject
Project("{FAE04EC0-301F-11D3-BF4B-00C04F79EFBC}") = "ProductsActivity.Dal.Test", "Test\ProductsActivity.Dal.Test\ProductsActivity.Dal.Test.csproj", "{5B662050-B2AA-49B9-B0E1-080276852A6C}"
EndProject
Project("{FAE04EC0-301F-11D3-BF4B-00C04F79EFBC}") = "ProductsActivity.Helpers.Test", "Test\ProductsActivity.Helpers.Test\ProductsActivity.Helpers.Test.csproj", "{EC113834-ECB4-42E8-BA6C-574622BCB0EF}"
EndProject
Global
	GlobalSection(SolutionConfigurationPlatforms) = preSolution
		Debug|Any CPU = Debug|Any CPU
		Debug|x64 = Debug|x64
		Debug|x86 = Debug|x86
		Release|Any CPU = Release|Any CPU
		Release|x64 = Release|x64
		Release|x86 = Release|x86
	EndGlobalSection
	GlobalSection(SolutionProperties) = preSolution
		HideSolutionNode = FALSE
	EndGlobalSection
	GlobalSection(ProjectConfigurationPlatforms) = postSolution
		{5EF391FF-AEC9-4FD9-A195-CD6A53BEFC64}.Debug|Any CPU.ActiveCfg = Debug|Any CPU
		{5EF391FF-AEC9-4FD9-A195-CD6A53BEFC64}.Debug|Any CPU.Build.0 = Debug|Any CPU
		{5EF391FF-AEC9-4FD9-A195-CD6A53BEFC64}.Debug|x64.ActiveCfg = Debug|Any CPU
		{5EF391FF-AEC9-4FD9-A195-CD6A53BEFC64}.Debug|x64.Build.0 = Debug|Any CPU
		{5EF391FF-AEC9-4FD9-A195-CD6A53BEFC64}.Debug|x86.ActiveCfg = Debug|Any CPU
		{5EF391FF-AEC9-4FD9-A195-CD6A53BEFC64}.Debug|x86.Build.0 = Debug|Any CPU
		{5EF391FF-AEC9-4FD9-A195-CD6A53BEFC64}.Release|Any CPU.ActiveCfg = Release|Any CPU
		{5EF391FF-AEC9-4FD9-A195-CD6A53BEFC64}.Release|Any CPU.Build.0 = Release|Any CPU
		{5EF391FF-AEC9-4FD9-A195-CD6A53BEFC64}.Release|x64.ActiveCfg = Release|Any CPU
		{5EF391FF-AEC9-4FD9-A195-CD6A53BEFC64}.Release|x64.Build.0 = Release|Any CPU
		{5EF391FF-AEC9-4FD9-A195-CD6A53BEFC64}.Release|x86.ActiveCfg = Release|Any CPU
		{5EF391FF-AEC9-4FD9-A195-CD6A53BEFC64}.Release|x86.Build.0 = Release|Any CPU
		{A31A910C-66B4-46D0-800D-6EF2B637B15B}.Debug|Any CPU.ActiveCfg = Debug|Any CPU
		{A31A910C-66B4-46D0-800D-6EF2B637B15B}.Debug|Any CPU.Build.0 = Debug|Any CPU
		{A31A910C-66B4-46D0-800D-6EF2B637B15B}.Debug|x64.ActiveCfg = Debug|Any CPU
		{A31A910C-66B4-46D0-800D-6EF2B637B15B}.Debug|x64.Build.0 = Debug|Any CPU
		{A31A910C-66B4-46D0-800D-6EF2B637B15B}.Debug|x86.ActiveCfg = Debug|Any CPU
		{A31A910C-66B4-46D0-800D-6EF2B637B15B}.Debug|x86.Build.0 = Debug|Any CPU
		{A31A910C-66B4-46D0-800D-6EF2B637B15B}.Release|Any CPU.ActiveCfg = Release|Any CPU
		{A31A910C-66B4-46D0-800D-6EF2B637B15B}.Release|Any CPU.Build.0 = Release|Any CPU
		{A31A910C-66B4-46D0-800D-6EF2B637B15B}.Release|x64.ActiveCfg = Release|Any CPU
		{A31A910C-66B4-46D0-800D-6EF2B637B15B}.Release|x64.Build.0 = Release|Any CPU
		{A31A910C-66B4-46D0-800D-6EF2B637B15B}.Release|x86.ActiveCfg = Release|Any CPU
		{A31A910C-66B4-46D0-800D-6EF2B637B15B}.Release|x86.Build.0 = Release|Any CPU
		{6E62D95A-7A8E-4191-94CB-804965A64090}.Debug|Any CPU.ActiveCfg = Debug|Any CPU
		{6E62D95A-7A8E-4191-94CB-804965A64090}.Debug|Any CPU.Build.0 = Debug|Any CPU
		{6E62D95A-7A8E-4191-94CB-804965A64090}.Debug|x64.ActiveCfg = Debug|Any CPU
		{6E62D95A-7A8E-4191-94CB-804965A64090}.Debug|x64.Build.0 = Debug|Any CPU
		{6E62D95A-7A8E-4191-94CB-804965A64090}.Debug|x86.ActiveCfg = Debug|Any CPU
		{6E62D95A-7A8E-4191-94CB-804965A64090}.Debug|x86.Build.0 = Debug|Any CPU
		{6E62D95A-7A8E-4191-94CB-804965A64090}.Release|Any CPU.ActiveCfg = Release|Any CPU
		{6E62D95A-7A8E-4191-94CB-804965A64090}.Release|Any CPU.Build.0 = Release|Any CPU
		{6E62D95A-7A8E-4191-94CB-804965A64090}.Release|x64.ActiveCfg = Release|Any CPU
		{6E62D95A-7A8E-4191-94CB-804965A64090}.Release|x64.Build.0 = Release|Any CPU
		{6E62D95A-7A8E-4191-94CB-804965A64090}.Release|x86.ActiveCfg = Release|Any CPU
		{6E62D95A-7A8E-4191-94CB-804965A64090}.Release|x86.Build.0 = Release|Any CPU
		{096B1F02-C849-4A9A-9793-4551E0F41C3E}.Debug|Any CPU.ActiveCfg = Debug|Any CPU
		{096B1F02-C849-4A9A-9793-4551E0F41C3E}.Debug|Any CPU.Build.0 = Debug|Any CPU
		{096B1F02-C849-4A9A-9793-4551E0F41C3E}.Debug|x64.ActiveCfg = Debug|Any CPU
		{096B1F02-C849-4A9A-9793-4551E0F41C3E}.Debug|x64.Build.0 = Debug|Any CPU
		{096B1F02-C849-4A9A-9793-4551E0F41C3E}.Debug|x86.ActiveCfg = Debug|Any CPU
		{096B1F02-C849-4A9A-9793-4551E0F41C3E}.Debug|x86.Build.0 = Debug|Any CPU
		{096B1F02-C849-4A9A-9793-4551E0F41C3E}.Release|Any CPU.ActiveCfg = Release|Any CPU
		{096B1F02-C849-4A9A-9793-4551E0F41C3E}.Release|Any CPU.Build.0 = Release|Any CPU
		{096B1F02-C849-4A9A-9793-4551E0F41C3E}.Release|x64.ActiveCfg = Release|Any CPU
		{096B1F02-C849-4A9A-9793-4551E0F41C3E}.Release|x64.Build.0 = Release|Any CPU
		{096B1F02-C849-4A9A-9793-4551E0F41C3E}.Release|x86.ActiveCfg = Release|Any CPU
		{096B1F02-C849-4A9A-9793-4551E0F41C3E}.Release|x86.Build.0 = Release|Any CPU
		{DCB0363D-E096-437B-83F5-298DF07C5891}.Debug|Any CPU.ActiveCfg = Debug|Any CPU
		{DCB0363D-E096-437B-83F5-298DF07C5891}.Debug|Any CPU.Build.0 = Debug|Any CPU
		{DCB0363D-E096-437B-83F5-298DF07C5891}.Debug|x64.ActiveCfg = Debug|Any CPU
		{DCB0363D-E096-437B-83F5-298DF07C5891}.Debug|x64.Build.0 = Debug|Any CPU
		{DCB0363D-E096-437B-83F5-298DF07C5891}.Debug|x86.ActiveCfg = Debug|Any CPU
		{DCB0363D-E096-437B-83F5-298DF07C5891}.Debug|x86.Build.0 = Debug|Any CPU
		{DCB0363D-E096-437B-83F5-298DF07C5891}.Release|Any CPU.ActiveCfg = Release|Any CPU
		{DCB0363D-E096-437B-83F5-298DF07C5891}.Release|Any CPU.Build.0 = Release|Any CPU
		{DCB0363D-E096-437B-83F5-298DF07C5891}.Release|x64.ActiveCfg = Release|Any CPU
		{DCB0363D-E096-437B-83F5-298DF07C5891}.Release|x64.Build.0 = Release|Any CPU
		{DCB0363D-E096-437B-83F5-298DF07C5891}.Release|x86.ActiveCfg = Release|Any CPU
		{DCB0363D-E096-437B-83F5-298DF07C5891}.Release|x86.Build.0 = Release|Any CPU
		{AD54608D-0917-4022-9B94-161501CB73D3}.Debug|Any CPU.ActiveCfg = Debug|Any CPU
		{AD54608D-0917-4022-9B94-161501CB73D3}.Debug|Any CPU.Build.0 = Debug|Any CPU
		{AD54608D-0917-4022-9B94-161501CB73D3}.Debug|x64.ActiveCfg = Debug|Any CPU
		{AD54608D-0917-4022-9B94-161501CB73D3}.Debug|x64.Build.0 = Debug|Any CPU
		{AD54608D-0917-4022-9B94-161501CB73D3}.Debug|x86.ActiveCfg = Debug|Any CPU
		{AD54608D-0917-4022-9B94-161501CB73D3}.Debug|x86.Build.0 = Debug|Any CPU
		{AD54608D-0917-4022-9B94-161501CB73D3}.Release|Any CPU.ActiveCfg = Release|Any CPU
		{AD54608D-0917-4022-9B94-161501CB73D3}.Release|Any CPU.Build.0 = Release|Any CPU
		{AD54608D-0917-4022-9B94-161501CB73D3}.Release|x64.ActiveCfg = Release|Any CPU
		{AD54608D-0917-4022-9B94-161501CB73D3}.Release|x64.Build.0 = Release|Any CPU
		{AD54608D-0917-4022-9B94-161501CB73D3}.Release|x86.ActiveCfg = Release|Any CPU
		{AD54608D-0917-4022-9B94-161501CB73D3}.Release|x86.Build.0 = Release|Any CPU
		{87658D99-520E-4A0E-A32C-1BD5D5E35671}.Debug|Any CPU.ActiveCfg = Debug|Any CPU
		{87658D99-520E-4A0E-A32C-1BD5D5E35671}.Debug|Any CPU.Build.0 = Debug|Any CPU
		{87658D99-520E-4A0E-A32C-1BD5D5E35671}.Debug|x64.ActiveCfg = Debug|Any CPU
		{87658D99-520E-4A0E-A32C-1BD5D5E35671}.Debug|x64.Build.0 = Debug|Any CPU
		{87658D99-520E-4A0E-A32C-1BD5D5E35671}.Debug|x86.ActiveCfg = Debug|Any CPU
		{87658D99-520E-4A0E-A32C-1BD5D5E35671}.Debug|x86.Build.0 = Debug|Any CPU
		{87658D99-520E-4A0E-A32C-1BD5D5E35671}.Release|Any CPU.ActiveCfg = Release|Any CPU
		{87658D99-520E-4A0E-A32C-1BD5D5E35671}.Release|Any CPU.Build.0 = Release|Any CPU
		{87658D99-520E-4A0E-A32C-1BD5D5E35671}.Release|x64.ActiveCfg = Release|Any CPU
		{87658D99-520E-4A0E-A32C-1BD5D5E35671}.Release|x64.Build.0 = Release|Any CPU
		{87658D99-520E-4A0E-A32C-1BD5D5E35671}.Release|x86.ActiveCfg = Release|Any CPU
		{87658D99-520E-4A0E-A32C-1BD5D5E35671}.Release|x86.Build.0 = Release|Any CPU
		{5B662050-B2AA-49B9-B0E1-080276852A6C}.Debug|Any CPU.ActiveCfg = Debug|Any CPU
		{5B662050-B2AA-49B9-B0E1-080276852A6C}.Debug|Any CPU.Build.0 = Debug|Any CPU
		{5B662050-B2AA-49B9-B0E1-080276852A6C}.Debug|x64.ActiveCfg = Debug|Any CPU
		{5B662050-B2AA-49B9-B0E1-080276852A6C}.Debug|x64.Build.0 = Debug|Any CPU
		{5B662050-B2AA-49B9-B0E1-080276852A6C}.Debug|x86.ActiveCfg = Debug|Any CPU
		{5B662050-B2AA-49B9-B0E1-080276852A6C}.Debug|x86.Build.0 = Debug|Any CPU
		{5B662050-B2AA-49B9-B0E1-080276852A6C}.Release|Any CPU.ActiveCfg = Release|Any CPU
		{5B662050-B2AA-49B9-B0E1-080276852A6C}.Release|Any CPU.Build.0 = Release|Any CPU
		{5B662050-B2AA-49B9-B0E1-080276852A6C}.Release|x64.ActiveCfg = Release|Any CPU
		{5B662050-B2AA-49B9-B0E1-080276852A6C}.Release|x64.Build.0 = Release|Any CPU
		{5B662050-B2AA-49B9-B0E1-080276852A6C}.Release|x86.ActiveCfg = Release|Any CPU
		{5B662050-B2AA-49B9-B0E1-080276852A6C}.Release|x86.Build.0 = Release|Any CPU
		{EC113834-ECB4-42E8-BA6C-574622BCB0EF}.Debug|Any CPU.ActiveCfg = Debug|Any CPU
		{EC113834-ECB4-42E8-BA6C-574622BCB0EF}.Debug|Any CPU.Build.0 = Debug|Any CPU
		{EC113834-ECB4-42E8-BA6C-574622BCB0EF}.Debug|x64.ActiveCfg = Debug|Any CPU
		{EC113834-ECB4-42E8-BA6C-574622BCB0EF}.Debug|x64.Build.0 = Debug|Any CPU
		{EC113834-ECB4-42E8-BA6C-574622BCB0EF}.Debug|x86.ActiveCfg = Debug|Any CPU
		{EC113834-ECB4-42E8-BA6C-574622BCB0EF}.Debug|x86.Build.0 = Debug|Any CPU
		{EC113834-ECB4-42E8-BA6C-574622BCB0EF}.Release|Any CPU.ActiveCfg = Release|Any CPU
		{EC113834-ECB4-42E8-BA6C-574622BCB0EF}.Release|Any CPU.Build.0 = Release|Any CPU
		{EC113834-ECB4-42E8-BA6C-574622BCB0EF}.Release|x64.ActiveCfg = Release|Any CPU
		{EC113834-ECB4-42E8-BA6C-574622BCB0EF}.Release|x64.Build.0 = Release|Any CPU
		{EC113834-ECB4-42E8-BA6C-574622BCB0EF}.Release|x86.ActiveCfg = Release|Any CPU
		{EC113834-ECB4-42E8-BA6C-574622BCB0EF}.Release|x86.Build.0 = Release|Any CPU
	EndGlobalSection
	GlobalSection(NestedProjects) = preSolution
		{5EF391FF-AEC9-4FD9-A195-CD6A53BEFC64} = {946A5ECC-1606-4A8D-971C-E1FFA67EB784}
		{A31A910C-66B4-46D0-800D-6EF2B637B15B} = {946A5ECC-1606-4A8D-971C-E1FFA67EB784}
		{6E62D95A-7A8E-4191-94CB-804965A64090} = {946A5ECC-1606-4A8D-971C-E1FFA67EB784}
		{096B1F02-C849-4A9A-9793-4551E0F41C3E} = {946A5ECC-1606-4A8D-971C-E1FFA67EB784}
		{DCB0363D-E096-437B-83F5-298DF07C5891} = {922AA538-99A6-4A53-BB87-3E3751377AA8}
		{AD54608D-0917-4022-9B94-161501CB73D3} = {922AA538-99A6-4A53-BB87-3E3751377AA8}
		{87658D99-520E-4A0E-A32C-1BD5D5E35671} = {922AA538-99A6-4A53-BB87-3E3751377AA8}
		{5B662050-B2AA-49B9-B0E1-080276852A6C} = {922AA538-99A6-4A53-BB87-3E3751377AA8}
		{EC113834-ECB4-42E8-BA6C-574622BCB0EF} = {922AA538-99A6-4A53-BB87-3E3751377AA8}
	EndGlobalSection
EndGlobal
